
Microsoft Visual Studio Solution File, Format Version 12.00
# Visual Studio Version 17
VisualStudioVersion = 17.9.34622.214
MinimumVisualStudioVersion = 10.0.40219.1
Project("{888888A0-9F3D-457C-B088-3A5042F75D52}") = "adventuregame", "adventuregame.pyproj", "{285F5B6D-BDA2-4986-9996-9279C8DEB29C}"
EndProject
Global
	GlobalSection(SolutionConfigurationPlatforms) = preSolution
		Debug|Any CPU = Debug|Any CPU
		Release|Any CPU = Release|Any CPU
	EndGlobalSection
	GlobalSection(ProjectConfigurationPlatforms) = postSolution
		{285F5B6D-BDA2-4986-9996-9279C8DEB29C}.Debug|Any CPU.ActiveCfg = Debug|Any CPU
		{285F5B6D-BDA2-4986-9996-9279C8DEB29C}.Release|Any CPU.ActiveCfg = Release|Any CPU
	EndGlobalSection
	GlobalSection(SolutionProperties) = preSolution
		HideSolutionNode = FALSE
	EndGlobalSection
	GlobalSection(ExtensibilityGlobals) = postSolution
		SolutionGuid = {1D110355-BE13-4857-9237-0BE582655371}
	EndGlobalSection
EndGlobal
